PODS:
  - Alamofire (5.0.0-rc.3)
  - lottie-ios (3.1.6)
  - SDWebImage (5.5.2):
    - SDWebImage/Core (= 5.5.2)
  - SDWebImage/Core (5.5.2)
  - SegementSlide (2.2.3)
  - SwiftyJSON (4.3.0)

DEPENDENCIES:
  - Alamofire (~> 5.0.0-beta.5)
  - lottie-ios
  - SDWebImage (~> 5.0)
  - SegementSlide
  - SwiftyJSON (~> 4.0)

SPEC REPOS:
  trunk:
    - Alamofire
    - lottie-ios
    - SDWebImage
    - SegementSlide
    - SwiftyJSON

SPEC CHECKSUMS:
  Alamofire: ca8c0de6906873be89d6deec5c8de279e00bf872
  lottie-ios: 85ce835dd8c53e02509f20729fc7d6a4e6645a0a
  SDWebImage: 4d5c027c935438f341ed33dbac53ff9f479922ca
  SegementSlide: 7a35da31eaa87fa0af42cc402395821a0c6835ae
  SwiftyJSON: 6faa0040f8b59dead0ee07436cbf76b73c08fd08

PODFILE CHECKSUM: 7a73adf2983cfc891fdf50e4954b37325aac6852

COCOAPODS: 1.9.2
